
Microsoft Visual Studio Solution File, Format Version 12.00
# Visual Studio Version 16
VisualStudioVersion = 16.0.29709.97
MinimumVisualStudioVersion = 10.0.40219.1
Project("{FAE04EC0-301F-11D3-BF4B-00C04F79EFBC}") = "Online Shop", "Online Shop\Online Shop.csproj", "{D4BD089D-BE63-45F0-9D14-B0B3266474B8}"
EndProject
Project("{FAE04EC0-301F-11D3-BF4B-00C04F79EFBC}") = "ShopLibrary", "..\ShopLibrary\ShopLibrary.csproj", "{1C1F7181-B5FC-48E9-964E-31F9207A343F}"
EndProject
Project("{FAE04EC0-301F-11D3-BF4B-00C04F79EFBC}") = "UnitTestProject1", "UnitTestProject1\UnitTestProject1.csproj", "{0BFE4F86-A3E4-41C7-BBB6-E16F4E3766BB}"
EndProject
Global
	GlobalSection(SolutionConfigurationPlatforms) = preSolution
		Debug|Any CPU = Debug|Any CPU
		Release|Any CPU = Release|Any CPU
	EndGlobalSection
	GlobalSection(ProjectConfigurationPlatforms) = postSolution
		{D4BD089D-BE63-45F0-9D14-B0B3266474B8}.Debug|Any CPU.ActiveCfg = Debug|Any CPU
		{D4BD089D-BE63-45F0-9D14-B0B3266474B8}.Debug|Any CPU.Build.0 = Debug|Any CPU
		{D4BD089D-BE63-45F0-9D14-B0B3266474B8}.Release|Any CPU.ActiveCfg = Release|Any CPU
		{D4BD089D-BE63-45F0-9D14-B0B3266474B8}.Release|Any CPU.Build.0 = Release|Any CPU
		{1C1F7181-B5FC-48E9-964E-31F9207A343F}.Debug|Any CPU.ActiveCfg = Debug|Any CPU
		{1C1F7181-B5FC-48E9-964E-31F9207A343F}.Debug|Any CPU.Build.0 = Debug|Any CPU
		{1C1F7181-B5FC-48E9-964E-31F9207A343F}.Release|Any CPU.ActiveCfg = Release|Any CPU
		{1C1F7181-B5FC-48E9-964E-31F9207A343F}.Release|Any CPU.Build.0 = Release|Any CPU
		{0BFE4F86-A3E4-41C7-BBB6-E16F4E3766BB}.Debug|Any CPU.ActiveCfg = Debug|Any CPU
		{0BFE4F86-A3E4-41C7-BBB6-E16F4E3766BB}.Debug|Any CPU.Build.0 = Debug|Any CPU
		{0BFE4F86-A3E4-41C7-BBB6-E16F4E3766BB}.Release|Any CPU.ActiveCfg = Release|Any CPU
		{0BFE4F86-A3E4-41C7-BBB6-E16F4E3766BB}.Release|Any CPU.Build.0 = Release|Any CPU
	EndGlobalSection
	GlobalSection(SolutionProperties) = preSolution
		HideSolutionNode = FALSE
	EndGlobalSection
	GlobalSection(ExtensibilityGlobals) = postSolution
		SolutionGuid = {EAEE32F4-1412-40C2-A29F-A437DA20033E}
	EndGlobalSection
EndGlobal
